
Microsoft Visual Studio Solution File, Format Version 12.00
# Visual Studio 14
VisualStudioVersion = 14.0.25420.1
MinimumVisualStudioVersion = 10.0.40219.1
Project("{FAE04EC0-301F-11D3-BF4B-00C04F79EFBC}") = "TakeHomePayCalculator", "TakeHomePayCalculator\TakeHomePayCalculator.csproj", "{059738B4-AF43-4F5E-AB9F-F1177F25E125}"
EndProject
Project("{FAE04EC0-301F-11D3-BF4B-00C04F79EFBC}") = "TakeHomeCalculatorStrategy", "TakeHomeCalculatorStrategy\TakeHomeCalculatorStrategy.csproj", "{12414EA2-79DC-46FB-BF10-1B879A99FB28}"
EndProject
Project("{FAE04EC0-301F-11D3-BF4B-00C04F79EFBC}") = "TakeHomePayCalculator.Tests", "TakeHomePayCalculator.Tests\TakeHomePayCalculator.Tests.csproj", "{8D8F8005-CB34-4350-882A-5990D5CCF87A}"
EndProject
Global
	GlobalSection(SolutionConfigurationPlatforms) = preSolution
		Debug|Any CPU = Debug|Any CPU
		Release|Any CPU = Release|Any CPU
	EndGlobalSection
	GlobalSection(ProjectConfigurationPlatforms) = postSolution
		{059738B4-AF43-4F5E-AB9F-F1177F25E125}.Debug|Any CPU.ActiveCfg = Debug|Any CPU
		{059738B4-AF43-4F5E-AB9F-F1177F25E125}.Debug|Any CPU.Build.0 = Debug|Any CPU
		{059738B4-AF43-4F5E-AB9F-F1177F25E125}.Release|Any CPU.ActiveCfg = Release|Any CPU
		{059738B4-AF43-4F5E-AB9F-F1177F25E125}.Release|Any CPU.Build.0 = Release|Any CPU
		{12414EA2-79DC-46FB-BF10-1B879A99FB28}.Debug|Any CPU.ActiveCfg = Debug|Any CPU
		{12414EA2-79DC-46FB-BF10-1B879A99FB28}.Debug|Any CPU.Build.0 = Debug|Any CPU
		{12414EA2-79DC-46FB-BF10-1B879A99FB28}.Release|Any CPU.ActiveCfg = Release|Any CPU
		{12414EA2-79DC-46FB-BF10-1B879A99FB28}.Release|Any CPU.Build.0 = Release|Any CPU
		{8D8F8005-CB34-4350-882A-5990D5CCF87A}.Debug|Any CPU.ActiveCfg = Debug|Any CPU
		{8D8F8005-CB34-4350-882A-5990D5CCF87A}.Debug|Any CPU.Build.0 = Debug|Any CPU
		{8D8F8005-CB34-4350-882A-5990D5CCF87A}.Release|Any CPU.ActiveCfg = Release|Any CPU
		{8D8F8005-CB34-4350-882A-5990D5CCF87A}.Release|Any CPU.Build.0 = Release|Any CPU
	EndGlobalSection
	GlobalSection(SolutionProperties) = preSolution
		HideSolutionNode = FALSE
	EndGlobalSection
EndGlobal
